// !$*UTF8*$!
{
	archiveVersion = 1;
	classes = {
	};
	objectVersion = 51;
	objects = {

/* Begin PBXBuildFile section */
		3EF632371057355691470BD5 /* Pods_BreakPoint.framework in Frameworks */ = {isa = PBXBuildFile; fileRef = 6203B318711040E9701D3831 /* Pods_BreakPoint.framework */; };
		E21BF90D2399B77300513D64 /* AppDelegate.swift in Sources */ = {isa = PBXBuildFile; fileRef = E21BF90C2399B77300513D64 /* AppDelegate.swift */; };
		E21BF9112399B77300513D64 /* GroupsVC.swift in Sources */ = {isa = PBXBuildFile; fileRef = E21BF9102399B77300513D64 /* GroupsVC.swift */; };
		E21BF9142399B77300513D64 /* Main.storyboard in Resources */ = {isa = PBXBuildFile; fileRef = E21BF9122399B77300513D64 /* Main.storyboard */; };
		E21BF9162399B77900513D64 /* Assets.xcassets in Resources */ = {isa = PBXBuildFile; fileRef = E21BF9152399B77900513D64 /* Assets.xcassets */; };
		E21BF9192399B77900513D64 /* LaunchScreen.storyboard in Resources */ = {isa = PBXBuildFile; fileRef = E21BF9172399B77900513D64 /* LaunchScreen.storyboard */; };
		E21BF92A2399E1DF00513D64 /* PaddingTextField.swift in Sources */ = {isa = PBXBuildFile; fileRef = E21BF9292399E1DF00513D64 /* PaddingTextField.swift */; };
		E21BF92C2399E4A700513D64 /* UserAuthVC.swift in Sources */ = {isa = PBXBuildFile; fileRef = E21BF92B2399E4A700513D64 /* UserAuthVC.swift */; };
		E21BF92E2399E4D000513D64 /* LoginVC.swift in Sources */ = {isa = PBXBuildFile; fileRef = E21BF92D2399E4D000513D64 /* LoginVC.swift */; };
		E21BF930239A1DDC00513D64 /* ShadowView.swift in Sources */ = {isa = PBXBuildFile; fileRef = E21BF92F239A1DDC00513D64 /* ShadowView.swift */; };
		E21BF932239A1E4900513D64 /* DataServices.swift in Sources */ = {isa = PBXBuildFile; fileRef = E21BF931239A1E4900513D64 /* DataServices.swift */; };
		E21BF934239A222000513D64 /* AuthServices.swift in Sources */ = {isa = PBXBuildFile; fileRef = E21BF933239A222000513D64 /* AuthServices.swift */; };
		E21BF936239A3A9E00513D64 /* FeedVC.swift in Sources */ = {isa = PBXBuildFile; fileRef = E21BF935239A3A9E00513D64 /* FeedVC.swift */; };
		E21BF938239A71A000513D64 /* MeVC.swift in Sources */ = {isa = PBXBuildFile; fileRef = E21BF937239A71A000513D64 /* MeVC.swift */; };
		E21BF93C239AA82100513D64 /* CreatePostVC.swift in Sources */ = {isa = PBXBuildFile; fileRef = E21BF93B239AA82100513D64 /* CreatePostVC.swift */; };
		E21BF943239AD55B00513D64 /* UIViewExt.swift in Sources */ = {isa = PBXBuildFile; fileRef = E21BF942239AD55B00513D64 /* UIViewExt.swift */; };
		E21BF945239ADB0F00513D64 /* FeedCell.swift in Sources */ = {isa = PBXBuildFile; fileRef = E21BF944239ADB0F00513D64 /* FeedCell.swift */; };
		E21BF948239B103700513D64 /* Message.swift in Sources */ = {isa = PBXBuildFile; fileRef = E21BF947239B103700513D64 /* Message.swift */; };
		E21EA499239B41470009C04E /* CreateGroupVC.swift in Sources */ = {isa = PBXBuildFile; fileRef = E21EA498239B41470009C04E /* CreateGroupVC.swift */; };
		E21EA49B239B54CA0009C04E /* userCell.swift in Sources */ = {isa = PBXBuildFile; fileRef = E21EA49A239B54CA0009C04E /* userCell.swift */; };
		E27821C7239BC2F70067A720 /* groupCell.swift in Sources */ = {isa = PBXBuildFile; fileRef = E27821C6239BC2F70067A720 /* groupCell.swift */; };
		E27821C9239BC7A70067A720 /* Group.swift in Sources */ = {isa = PBXBuildFile; fileRef = E27821C8239BC7A70067A720 /* Group.swift */; };
		E289CDC923C2C636009529AC /* GroupPostVC.swift in Sources */ = {isa = PBXBuildFile; fileRef = E289CDC823C2C636009529AC /* GroupPostVC.swift */; };
		E289CDCD23C2C7BF009529AC /* groupPostCell.swift in Sources */ = {isa = PBXBuildFile; fileRef = E289CDCC23C2C7BF009529AC /* groupPostCell.swift */; };
		E289CDD123C310D5009529AC /* MeFeedCell.swift in Sources */ = {isa = PBXBuildFile; fileRef = E289CDD023C310D5009529AC /* MeFeedCell.swift */; };
		E289CDD323C310EF009529AC /* MeGroupsCell.swift in Sources */ = {isa = PBXBuildFile; fileRef = E289CDD223C310EF009529AC /* MeGroupsCell.swift */; };
		E289CDD723C31738009529AC /* Protocols.swift in Sources */ = {isa = PBXBuildFile; fileRef = E289CDD623C31738009529AC /* Protocols.swift */; };
/* End PBXBuildFile section */

/* Begin PBXFileReference section */
		19D0794BDC57869776D74B31 /* Pods-BreakPoint.debug.xcconfig */ = {isa = PBXFileReference; includeInIndex = 1; lastKnownFileType = text.xcconfig; name = "Pods-BreakPoint.debug.xcconfig"; path = "Target Support Files/Pods-BreakPoint/Pods-BreakPoint.debug.xcconfig"; sourceTree = "<group>"; };
		6203B318711040E9701D3831 /* Pods_BreakPoint.framework */ = {isa = PBXFileReference; explicitFileType = wrapper.framework; includeInIndex = 0; path = Pods_BreakPoint.framework; sourceTree = BUILT_PRODUCTS_DIR; };
		9472E5F36162B4871A9D53BE /* Pods-BreakPoint.release.xcconfig */ = {isa = PBXFileReference; includeInIndex = 1; lastKnownFileType = text.xcconfig; name = "Pods-BreakPoint.release.xcconfig"; path = "Target Support Files/Pods-BreakPoint/Pods-BreakPoint.release.xcconfig"; sourceTree = "<group>"; };
		E21BF9092399B77300513D64 /* BreakPoint.app */ = {isa = PBXFileReference; explicitFileType = wrapper.application; includeInIndex = 0; path = BreakPoint.app; sourceTree = BUILT_PRODUCTS_DIR; };
		E21BF90C2399B77300513D64 /* AppDelegate.swift */ = {isa = PBXFileReference; lastKnownFileType = sourcecode.swift; path = AppDelegate.swift; sourceTree = "<group>"; };
		E21BF9102399B77300513D64 /* GroupsVC.swift */ = {isa = PBXFileReference; lastKnownFileType = sourcecode.swift; path = GroupsVC.swift; sourceTree = "<group>"; };
		E21BF9132399B77300513D64 /* Base */ = {isa = PBXFileReference; lastKnownFileType = file.storyboard; name = Base; path = Base.lproj/Main.storyboard; sourceTree = "<group>"; };
		E21BF9152399B77900513D64 /* Assets.xcassets */ = {isa = PBXFileReference; lastKnownFileType = folder.assetcatalog; path = Assets.xcassets; sourceTree = "<group>"; };
		E21BF9182399B77900513D64 /* Base */ = {isa = PBXFileReference; lastKnownFileType = file.storyboard; name = Base; path = Base.lproj/LaunchScreen.storyboard; sourceTree = "<group>"; };
		E21BF91A2399B77900513D64 /* Info.plist */ = {isa = PBXFileReference; lastKnownFileType = text.plist.xml; path = Info.plist; sourceTree = "<group>"; };
		E21BF9292399E1DF00513D64 /* PaddingTextField.swift */ = {isa = PBXFileReference; lastKnownFileType = sourcecode.swift; path = PaddingTextField.swift; sourceTree = "<group>"; };
		E21BF92B2399E4A700513D64 /* UserAuthVC.swift */ = {isa = PBXFileReference; lastKnownFileType = sourcecode.swift; path = UserAuthVC.swift; sourceTree = "<group>"; };
		E21BF92D2399E4D000513D64 /* LoginVC.swift */ = {isa = PBXFileReference; lastKnownFileType = sourcecode.swift; path = LoginVC.swift; sourceTree = "<group>"; };
		E21BF92F239A1DDC00513D64 /* ShadowView.swift */ = {isa = PBXFileReference; lastKnownFileType = sourcecode.swift; path = ShadowView.swift; sourceTree = "<group>"; };
		E21BF931239A1E4900513D64 /* DataServices.swift */ = {isa = PBXFileReference; lastKnownFileType = sourcecode.swift; path = DataServices.swift; sourceTree = "<group>"; };
		E21BF933239A222000513D64 /* AuthServices.swift */ = {isa = PBXFileReference; lastKnownFileType = sourcecode.swift; path = AuthServices.swift; sourceTree = "<group>"; };
		E21BF935239A3A9E00513D64 /* FeedVC.swift */ = {isa = PBXFileReference; lastKnownFileType = sourcecode.swift; path = FeedVC.swift; sourceTree = "<group>"; };
		E21BF937239A71A000513D64 /* MeVC.swift */ = {isa = PBXFileReference; lastKnownFileType = sourcecode.swift; path = MeVC.swift; sourceTree = "<group>"; };
		E21BF93B239AA82100513D64 /* CreatePostVC.swift */ = {isa = PBXFileReference; lastKnownFileType = sourcecode.swift; path = CreatePostVC.swift; sourceTree = "<group>"; };
		E21BF942239AD55B00513D64 /* UIViewExt.swift */ = {isa = PBXFileReference; lastKnownFileType = sourcecode.swift; path = UIViewExt.swift; sourceTree = "<group>"; };
		E21BF944239ADB0F00513D64 /* FeedCell.swift */ = {isa = PBXFileReference; lastKnownFileType = sourcecode.swift; path = FeedCell.swift; sourceTree = "<group>"; };
		E21BF947239B103700513D64 /* Message.swift */ = {isa = PBXFileReference; lastKnownFileType = sourcecode.swift; path = Message.swift; sourceTree = "<group>"; };
		E21EA498239B41470009C04E /* CreateGroupVC.swift */ = {isa = PBXFileReference; lastKnownFileType = sourcecode.swift; path = CreateGroupVC.swift; sourceTree = "<group>"; };
		E21EA49A239B54CA0009C04E /* userCell.swift */ = {isa = PBXFileReference; lastKnownFileType = sourcecode.swift; path = userCell.swift; sourceTree = "<group>"; };
		E27821C6239BC2F70067A720 /* groupCell.swift */ = {isa = PBXFileReference; lastKnownFileType = sourcecode.swift; path = groupCell.swift; sourceTree = "<group>"; };
		E27821C8239BC7A70067A720 /* Group.swift */ = {isa = PBXFileReference; lastKnownFileType = sourcecode.swift; path = Group.swift; sourceTree = "<group>"; };
		E289CDC823C2C636009529AC /* GroupPostVC.swift */ = {isa = PBXFileReference; lastKnownFileType = sourcecode.swift; path = GroupPostVC.swift; sourceTree = "<group>"; };
		E289CDCC23C2C7BF009529AC /* groupPostCell.swift */ = {isa = PBXFileReference; lastKnownFileType = sourcecode.swift; path = groupPostCell.swift; sourceTree = "<group>"; };
		E289CDD023C310D5009529AC /* MeFeedCell.swift */ = {isa = PBXFileReference; lastKnownFileType = sourcecode.swift; path = MeFeedCell.swift; sourceTree = "<group>"; };
		E289CDD223C310EF009529AC /* MeGroupsCell.swift */ = {isa = PBXFileReference; lastKnownFileType = sourcecode.swift; path = MeGroupsCell.swift; sourceTree = "<group>"; };
		E289CDD623C31738009529AC /* Protocols.swift */ = {isa = PBXFileReference; lastKnownFileType = sourcecode.swift; path = Protocols.swift; sourceTree = "<group>"; };
/* End PBXFileReference section */

/* Begin PBXFrameworksBuildPhase section */
		E21BF9062399B77300513D64 /* Frameworks */ = {
			isa = PBXFrameworksBuildPhase;
			buildActionMask = 2147483647;
			files = (
				3EF632371057355691470BD5 /* Pods_BreakPoint.framework in Frameworks */,
			);
			runOnlyForDeploymentPostprocessing = 0;
		};
/* End PBXFrameworksBuildPhase section */

/* Begin PBXGroup section */
		2C45C265F2027A4A7083E39E /* Frameworks */ = {
			isa = PBXGroup;
			children = (
				6203B318711040E9701D3831 /* Pods_BreakPoint.framework */,
			);
			name = Frameworks;
			sourceTree = "<group>";
		};
		E02E496B007CD89C94F9B7E5 /* Pods */ = {
			isa = PBXGroup;
			children = (
				19D0794BDC57869776D74B31 /* Pods-BreakPoint.debug.xcconfig */,
				9472E5F36162B4871A9D53BE /* Pods-BreakPoint.release.xcconfig */,
			);
			path = Pods;
			sourceTree = "<group>";
		};
		E21BF9002399B77300513D64 = {
			isa = PBXGroup;
			children = (
				E21BF90B2399B77300513D64 /* BreakPoint */,
				E21BF90A2399B77300513D64 /* Products */,
				E02E496B007CD89C94F9B7E5 /* Pods */,
				2C45C265F2027A4A7083E39E /* Frameworks */,
			);
			sourceTree = "<group>";
		};
		E21BF90A2399B77300513D64 /* Products */ = {
			isa = PBXGroup;
			children = (
				E21BF9092399B77300513D64 /* BreakPoint.app */,
			);
			name = Products;
			sourceTree = "<group>";
		};
		E21BF90B2399B77300513D64 /* BreakPoint */ = {
			isa = PBXGroup;
			children = (
				E21BF90C2399B77300513D64 /* AppDelegate.swift */,
				E21BF93F239AD51100513D64 /* Extensions */,
				E21BF9262399CE1200513D64 /* Services */,
				E21BF946239B101400513D64 /* Models */,
				E21BF9232399CDF200513D64 /* Views */,
				E21BF9222399CDE900513D64 /* Controllers */,
				E21BF9282399CE4700513D64 /* Support */,
				E21BF91A2399B77900513D64 /* Info.plist */,
			);
			path = BreakPoint;
			sourceTree = "<group>";
		};
		E21BF9222399CDE900513D64 /* Controllers */ = {
			isa = PBXGroup;
			children = (
				E21BF935239A3A9E00513D64 /* FeedVC.swift */,
				E21BF9102399B77300513D64 /* GroupsVC.swift */,
				E21BF92B2399E4A700513D64 /* UserAuthVC.swift */,
				E21BF92D2399E4D000513D64 /* LoginVC.swift */,
				E21BF937239A71A000513D64 /* MeVC.swift */,
				E21BF93B239AA82100513D64 /* CreatePostVC.swift */,
				E21EA498239B41470009C04E /* CreateGroupVC.swift */,
				E289CDC823C2C636009529AC /* GroupPostVC.swift */,
			);
			path = Controllers;
			sourceTree = "<group>";
		};
		E21BF9232399CDF200513D64 /* Views */ = {
			isa = PBXGroup;
			children = (
				E21BF9292399E1DF00513D64 /* PaddingTextField.swift */,
				E21BF92F239A1DDC00513D64 /* ShadowView.swift */,
				E21BF944239ADB0F00513D64 /* FeedCell.swift */,
				E21EA49A239B54CA0009C04E /* userCell.swift */,
				E27821C6239BC2F70067A720 /* groupCell.swift */,
				E289CDCC23C2C7BF009529AC /* groupPostCell.swift */,
				E289CDD023C310D5009529AC /* MeFeedCell.swift */,
				E289CDD223C310EF009529AC /* MeGroupsCell.swift */,
			);
			path = Views;
			sourceTree = "<group>";
		};
		E21BF9262399CE1200513D64 /* Services */ = {
			isa = PBXGroup;
			children = (
				E21BF931239A1E4900513D64 /* DataServices.swift */,
				E21BF933239A222000513D64 /* AuthServices.swift */,
			);
			path = Services;
			sourceTree = "<group>";
		};
		E21BF9282399CE4700513D64 /* Support */ = {
			isa = PBXGroup;
			children = (
				E21BF9122399B77300513D64 /* Main.storyboard */,
				E21BF9172399B77900513D64 /* LaunchScreen.storyboard */,
				E21BF9152399B77900513D64 /* Assets.xcassets */,
			);
			path = Support;
			sourceTree = "<group>";
		};
		E21BF93F239AD51100513D64 /* Extensions */ = {
			isa = PBXGroup;
			children = (
				E21BF942239AD55B00513D64 /* UIViewExt.swift */,
				E289CDD623C31738009529AC /* Protocols.swift */,
			);
			path = Extensions;
			sourceTree = "<group>";
		};
		E21BF946239B101400513D64 /* Models */ = {
			isa = PBXGroup;
			children = (
				E21BF947239B103700513D64 /* Message.swift */,
				E27821C8239BC7A70067A720 /* Group.swift */,
			);
			path = Models;
			sourceTree = "<group>";
		};
/* End PBXGroup section */

/* Begin PBXNativeTarget section */
		E21BF9082399B77300513D64 /* BreakPoint */ = {
			isa = PBXNativeTarget;
			buildConfigurationList = E21BF91D2399B77900513D64 /* Build configuration list for PBXNativeTarget "BreakPoint" */;
			buildPhases = (
				96AE33F5C7699CD6E9ECEBDB /* [CP] Check Pods Manifest.lock */,
				E21BF9052399B77300513D64 /* Sources */,
				E21BF9062399B77300513D64 /* Frameworks */,
				E21BF9072399B77300513D64 /* Resources */,
				9B38E95F415A3C1554DD8D51 /* [CP] Embed Pods Frameworks */,
			);
			buildRules = (
			);
			dependencies = (
			);
			name = BreakPoint;
			productName = BreakPoint;
			productReference = E21BF9092399B77300513D64 /* BreakPoint.app */;
			productType = "com.apple.product-type.application";
		};
/* End PBXNativeTarget section */

/* Begin PBXProject section */
		E21BF9012399B77300513D64 /* Project object */ = {
			isa = PBXProject;
			attributes = {
				LastSwiftUpdateCheck = 1000;
				LastUpgradeCheck = 1000;
				ORGANIZATIONNAME = ahmed;
				TargetAttributes = {
					E21BF9082399B77300513D64 = {
						CreatedOnToolsVersion = 10.0;
					};
				};
			};
			buildConfigurationList = E21BF9042399B77300513D64 /* Build configuration list for PBXProject "BreakPoint" */;
			compatibilityVersion = "Xcode 9.3";
			developmentRegion = en;
			hasScannedForEncodings = 0;
			knownRegions = (
				en,
				Base,
			);
			mainGroup = E21BF9002399B77300513D64;
			productRefGroup = E21BF90A2399B77300513D64 /* Products */;
			projectDirPath = "";
			projectRoot = "";
			targets = (
				E21BF9082399B77300513D64 /* BreakPoint */,
			);
		};
/* End PBXProject section */

/* Begin PBXResourcesBuildPhase section */
		E21BF9072399B77300513D64 /* Resources */ = {
			isa = PBXResourcesBuildPhase;
			buildActionMask = 2147483647;
			files = (
				E21BF9192399B77900513D64 /* LaunchScreen.storyboard in Resources */,
				E21BF9162399B77900513D64 /* Assets.xcassets in Resources */,
				E21BF9142399B77300513D64 /* Main.storyboard in Resources */,
			);
			runOnlyForDeploymentPostprocessing = 0;
		};
/* End PBXResourcesBuildPhase section */

/* Begin PBXShellScriptBuildPhase section */
		96AE33F5C7699CD6E9ECEBDB /* [CP] Check Pods Manifest.lock */ = {
			isa = PBXShellScriptBuildPhase;
			buildActionMask = 2147483647;
			files = (
			);
			inputFileListPaths = (
			);
			inputPaths = (
				"${PODS_PODFILE_DIR_PATH}/Podfile.lock",
				"${PODS_ROOT}/Manifest.lock",
			);
			name = "[CP] Check Pods Manifest.lock";
			outputFileListPaths = (
			);
			outputPaths = (
				"$(DERIVED_FILE_DIR)/Pods-BreakPoint-checkManifestLockResult.txt",
			);
			runOnlyForDeploymentPostprocessing = 0;
			shellPath = /bin/sh;
			shellScript = "diff \"${PODS_PODFILE_DIR_PATH}/Podfile.lock\" \"${PODS_ROOT}/Manifest.lock\" > /dev/null\nif [ $? != 0 ] ; then\n    # print error to STDERR\n    echo \"error: The sandbox is not in sync with the Podfile.lock. Run 'pod install' or update your CocoaPods installation.\" >&2\n    exit 1\nfi\n# This output is used by Xcode 'outputs' to avoid re-running this script phase.\necho \"SUCCESS\" > \"${SCRIPT_OUTPUT_FILE_0}\"\n";
			showEnvVarsInLog = 0;
		};
		9B38E95F415A3C1554DD8D51 /* [CP] Embed Pods Frameworks */ = {
			isa = PBXShellScriptBuildPhase;
			buildActionMask = 2147483647;
			files = (
			);
			inputFileListPaths = (
				"${PODS_ROOT}/Target Support Files/Pods-BreakPoint/Pods-BreakPoint-frameworks-${CONFIGURATION}-input-files.xcfilelist",
			);
			name = "[CP] Embed Pods Frameworks";
			outputFileListPaths = (
				"${PODS_ROOT}/Target Support Files/Pods-BreakPoint/Pods-BreakPoint-frameworks-${CONFIGURATION}-output-files.xcfilelist",
			);
			runOnlyForDeploymentPostprocessing = 0;
			shellPath = /bin/sh;
			shellScript = "\"${PODS_ROOT}/Target Support Files/Pods-BreakPoint/Pods-BreakPoint-frameworks.sh\"\n";
			showEnvVarsInLog = 0;
		};
/* End PBXShellScriptBuildPhase section */

/* Begin PBXSourcesBuildPhase section */
		E21BF9052399B77300513D64 /* Sources */ = {
			isa = PBXSourcesBuildPhase;
			buildActionMask = 2147483647;
			files = (
				E21BF943239AD55B00513D64 /* UIViewExt.swift in Sources */,
				E289CDD723C31738009529AC /* Protocols.swift in Sources */,
				E21BF945239ADB0F00513D64 /* FeedCell.swift in Sources */,
				E27821C7239BC2F70067A720 /* groupCell.swift in Sources */,
				E21BF938239A71A000513D64 /* MeVC.swift in Sources */,
				E21BF936239A3A9E00513D64 /* FeedVC.swift in Sources */,
				E21BF9112399B77300513D64 /* GroupsVC.swift in Sources */,
				E21BF92C2399E4A700513D64 /* UserAuthVC.swift in Sources */,
				E21BF92E2399E4D000513D64 /* LoginVC.swift in Sources */,
				E21BF932239A1E4900513D64 /* DataServices.swift in Sources */,
				E289CDCD23C2C7BF009529AC /* groupPostCell.swift in Sources */,
				E27821C9239BC7A70067A720 /* Group.swift in Sources */,
				E21EA49B239B54CA0009C04E /* userCell.swift in Sources */,
				E289CDC923C2C636009529AC /* GroupPostVC.swift in Sources */,
				E21EA499239B41470009C04E /* CreateGroupVC.swift in Sources */,
				E21BF92A2399E1DF00513D64 /* PaddingTextField.swift in Sources */,
				E289CDD123C310D5009529AC /* MeFeedCell.swift in Sources */,
				E21BF93C239AA82100513D64 /* CreatePostVC.swift in Sources */,
				E21BF90D2399B77300513D64 /* AppDelegate.swift in Sources */,
				E21BF934239A222000513D64 /* AuthServices.swift in Sources */,
				E289CDD323C310EF009529AC /* MeGroupsCell.swift in Sources */,
				E21BF930239A1DDC00513D64 /* ShadowView.swift in Sources */,
				E21BF948239B103700513D64 /* Message.swift in Sources */,
			);
			runOnlyForDeploymentPostprocessing = 0;
		};
/* End PBXSourcesBuildPhase section */

/* Begin PBXVariantGroup section */
		E21BF9122399B77300513D64 /* Main.storyboard */ = {
			isa = PBXVariantGroup;
			children = (
				E21BF9132399B77300513D64 /* Base */,
			);
			name = Main.storyboard;
			sourceTree = "<group>";
		};
		E21BF9172399B77900513D64 /* LaunchScreen.storyboard */ = {
			isa = PBXVariantGroup;
			children = (
				E21BF9182399B77900513D64 /* Base */,
			);
			name = LaunchScreen.storyboard;
			sourceTree = "<group>";
		};
/* End PBXVariantGroup section */

/* Begin XCBuildConfiguration section */
		E21BF91B2399B77900513D64 /* Debug */ = {
			isa = XCBuildConfiguration;
			buildSettings = {
				ALWAYS_SEARCH_USER_PATHS = NO;
				CLANG_ANALYZER_NONNULL = YES;
				CLANG_ANALYZER_NUMBER_OBJECT_CONVERSION = YES_AGGRESSIVE;
				CLANG_CXX_LANGUAGE_STANDARD = "gnu++14";
				CLANG_CXX_LIBRARY = "libc++";
				CLANG_ENABLE_MODULES = YES;
				CLANG_ENABLE_OBJC_ARC = YES;
				CLANG_ENABLE_OBJC_WEAK = YES;
				CLANG_WARN_BLOCK_CAPTURE_AUTORELEASING = YES;
				CLANG_WARN_BOOL_CONVERSION = YES;
				CLANG_WARN_COMMA = YES;
				CLANG_WARN_CONSTANT_CONVERSION = YES;
				CLANG_WARN_DEPRECATED_OBJC_IMPLEMENTATIONS = YES;
				CLANG_WARN_DIRECT_OBJC_ISA_USAGE = YES_ERROR;
				CLANG_WARN_DOCUMENTATION_COMMENTS = YES;
				CLANG_WARN_EMPTY_BODY = YES;
				CLANG_WARN_ENUM_CONVERSION = YES;
				CLANG_WARN_INFINITE_RECURSION = YES;
				CLANG_WARN_INT_CONVERSION = YES;
				CLANG_WARN_NON_LITERAL_NULL_CONVERSION = YES;
				CLANG_WARN_OBJC_IMPLICIT_RETAIN_SELF = YES;
				CLANG_WARN_OBJC_LITERAL_CONVERSION = YES;
				CLANG_WARN_OBJC_ROOT_CLASS = YES_ERROR;
				CLANG_WARN_RANGE_LOOP_ANALYSIS = YES;
				CLANG_WARN_STRICT_PROTOTYPES = YES;
				CLANG_WARN_SUSPICIOUS_MOVE = YES;
				CLANG_WARN_UNGUARDED_AVAILABILITY = YES_AGGRESSIVE;
				CLANG_WARN_UNREACHABLE_CODE = YES;
				CLANG_WARN__DUPLICATE_METHOD_MATCH = YES;
				CODE_SIGN_IDENTITY = "iPhone Developer";
				COPY_PHASE_STRIP = NO;
				DEBUG_INFORMATION_FORMAT = dwarf;
				ENABLE_STRICT_OBJC_MSGSEND = YES;
				ENABLE_TESTABILITY = YES;
				GCC_C_LANGUAGE_STANDARD = gnu11;
				GCC_DYNAMIC_NO_PIC = NO;
				GCC_NO_COMMON_BLOCKS = YES;
				GCC_OPTIMIZATION_LEVEL = 0;
				GCC_PREPROCESSOR_DEFINITIONS = (
					"DEBUG=1",
					"$(inherited)",
				);
				GCC_WARN_64_TO_32_BIT_CONVERSION = YES;
				GCC_WARN_ABOUT_RETURN_TYPE = YES_ERROR;
				GCC_WARN_UNDECLARED_SELECTOR = YES;
				GCC_WARN_UNINITIALIZED_AUTOS = YES_AGGRESSIVE;
				GCC_WARN_UNUSED_FUNCTION = YES;
				GCC_WARN_UNUSED_VARIABLE = YES;
				IPHONEOS_DEPLOYMENT_TARGET = 12.0;
				MTL_ENABLE_DEBUG_INFO = INCLUDE_SOURCE;
				MTL_FAST_MATH = YES;
				ONLY_ACTIVE_ARCH = YES;
				SDKROOT = iphoneos;
				SWIFT_ACTIVE_COMPILATION_CONDITIONS = DEBUG;
				SWIFT_OPTIMIZATION_LEVEL = "-Onone";
			};
			name = Debug;
		};
		E21BF91C2399B77900513D64 /* Release */ = {
			isa = XCBuildConfiguration;
			buildSettings = {
				ALWAYS_SEARCH_USER_PATHS = NO;
				CLANG_ANALYZER_NONNULL = YES;
				CLANG_ANALYZER_NUMBER_OBJECT_CONVERSION = YES_AGGRESSIVE;
				CLANG_CXX_LANGUAGE_STANDARD = "gnu++14";
				CLANG_CXX_LIBRARY = "libc++";
				CLANG_ENABLE_MODULES = YES;
				CLANG_ENABLE_OBJC_ARC = YES;
				CLANG_ENABLE_OBJC_WEAK = YES;
				CLANG_WARN_BLOCK_CAPTURE_AUTORELEASING = YES;
				CLANG_WARN_BOOL_CONVERSION = YES;
				CLANG_WARN_COMMA = YES;
				CLANG_WARN_CONSTANT_CONVERSION = YES;
				CLANG_WARN_DEPRECATED_OBJC_IMPLEMENTATIONS = YES;
				CLANG_WARN_DIRECT_OBJC_ISA_USAGE = YES_ERROR;
				CLANG_WARN_DOCUMENTATION_COMMENTS = YES;
				CLANG_WARN_EMPTY_BODY = YES;
				CLANG_WARN_ENUM_CONVERSION = YES;
				CLANG_WARN_INFINITE_RECURSION = YES;
				CLANG_WARN_INT_CONVERSION = YES;
				CLANG_WARN_NON_LITERAL_NULL_CONVERSION = YES;
				CLANG_WARN_OBJC_IMPLICIT_RETAIN_SELF = YES;
				CLANG_WARN_OBJC_LITERAL_CONVERSION = YES;
				CLANG_WARN_OBJC_ROOT_CLASS = YES_ERROR;
				CLANG_WARN_RANGE_LOOP_ANALYSIS = YES;
				CLANG_WARN_STRICT_PROTOTYPES = YES;
				CLANG_WARN_SUSPICIOUS_MOVE = YES;
				CLANG_WARN_UNGUARDED_AVAILABILITY = YES_AGGRESSIVE;
				CLANG_WARN_UNREACHABLE_CODE = YES;
				CLANG_WARN__DUPLICATE_METHOD_MATCH = YES;
				CODE_SIGN_IDENTITY = "iPhone Developer";
				COPY_PHASE_STRIP = NO;
				DEBUG_INFORMATION_FORMAT = "dwarf-with-dsym";
				ENABLE_NS_ASSERTIONS = NO;
				ENABLE_STRICT_OBJC_MSGSEND = YES;
				GCC_C_LANGUAGE_STANDARD = gnu11;
				GCC_NO_COMMON_BLOCKS = YES;
				GCC_WARN_64_TO_32_BIT_CONVERSION = YES;
				GCC_WARN_ABOUT_RETURN_TYPE = YES_ERROR;
				GCC_WARN_UNDECLARED_SELECTOR = YES;
				GCC_WARN_UNINITIALIZED_AUTOS = YES_AGGRESSIVE;
				GCC_WARN_UNUSED_FUNCTION = YES;
				GCC_WARN_UNUSED_VARIABLE = YES;
				IPHONEOS_DEPLOYMENT_TARGET = 12.0;
				MTL_ENABLE_DEBUG_INFO = NO;
				MTL_FAST_MATH = YES;
				SDKROOT = iphoneos;
				SWIFT_COMPILATION_MODE = wholemodule;
				SWIFT_OPTIMIZATION_LEVEL = "-O";
				VALIDATE_PRODUCT = YES;
			};
			name = Release;
		};
		E21BF91E2399B77900513D64 /* Debug */ = {
			isa = XCBuildConfiguration;
			baseConfigurationReference = 19D0794BDC57869776D74B31 /* Pods-BreakPoint.debug.xcconfig */;
			buildSettings = {
				ASSETCATALOG_COMPILER_APPICON_NAME = AppIcon;
				CODE_SIGN_STYLE = Automatic;
				INFOPLIST_FILE = BreakPoint/Info.plist;
				LD_RUNPATH_SEARCH_PATHS = (
					"$(inherited)",
					"@executable_path/Frameworks",
				);
				PRODUCT_BUNDLE_IDENTIFIER = "ahmed-eid.BreakPoint";
				PRODUCT_NAME = "$(TARGET_NAME)";
				SWIFT_VERSION = 4.2;
				TARGETED_DEVICE_FAMILY = "1,2";
			};
			name = Debug;
		};
		E21BF91F2399B77900513D64 /* Release */ = {
			isa = XCBuildConfiguration;
			baseConfigurationReference = 9472E5F36162B4871A9D53BE /* Pods-BreakPoint.release.xcconfig */;
			buildSettings = {
				ASSETCATALOG_COMPILER_APPICON_NAME = AppIcon;
				CODE_SIGN_STYLE = Automatic;
				INFOPLIST_FILE = BreakPoint/Info.plist;
				LD_RUNPATH_SEARCH_PATHS = (
					"$(inherited)",
					"@executable_path/Frameworks",
				);
				PRODUCT_BUNDLE_IDENTIFIER = "ahmed-eid.BreakPoint";
				PRODUCT_NAME = "$(TARGET_NAME)";
				SWIFT_VERSION = 4.2;
				TARGETED_DEVICE_FAMILY = "1,2";
			};
			name = Release;
		};
/* End XCBuildConfiguration section */

/* Begin XCConfigurationList section */
		E21BF9042399B77300513D64 /* Build configuration list for PBXProject "BreakPoint" */ = {
			isa = XCConfigurationList;
			buildConfigurations = (
				E21BF91B2399B77900513D64 /* Debug */,
				E21BF91C2399B77900513D64 /* Release */,
			);
			defaultConfigurationIsVisible = 0;
			defaultConfigurationName = Release;
		};
		E21BF91D2399B77900513D64 /* Build configuration list for PBXNativeTarget "BreakPoint" */ = {
			isa = XCConfigurationList;
			buildConfigurations = (
				E21BF91E2399B77900513D64 /* Debug */,
				E21BF91F2399B77900513D64 /* Release */,
			);
			defaultConfigurationIsVisible = 0;
			defaultConfigurationName = Release;
		};
/* End XCConfigurationList section */
	};
	rootObject = E21BF9012399B77300513D64 /* Project object */;
}
